// !$*UTF8*$!
{
	archiveVersion = 1;
	classes = {
	};
	objectVersion = 56;
	objects = {

/* Begin PBXBuildFile section */
		5E0EC4F12C865778009ABFA5 /* Apex_PredatorsApp.swift in Sources */ = {isa = PBXBuildFile; fileRef = 5E0EC4F02C865778009ABFA5 /* Apex_PredatorsApp.swift */; };
		5E0EC4F32C865778009ABFA5 /* ContentView.swift in Sources */ = {isa = PBXBuildFile; fileRef = 5E0EC4F22C865778009ABFA5 /* ContentView.swift */; };
		5E0EC4F52C865779009ABFA5 /* Assets.xcassets in Resources */ = {isa = PBXBuildFile; fileRef = 5E0EC4F42C865779009ABFA5 /* Assets.xcassets */; };
		5E0EC4F82C865779009ABFA5 /* Preview Assets.xcassets in Resources */ = {isa = PBXBuildFile; fileRef = 5E0EC4F72C865779009ABFA5 /* Preview Assets.xcassets */; };
		5E0EC4FF2C8659D2009ABFA5 /* jpapexpredators.json in Resources */ = {isa = PBXBuildFile; fileRef = 5E0EC4FE2C8659D2009ABFA5 /* jpapexpredators.json */; };
		5E0EC5012C865B49009ABFA5 /* ApexPredator.swift in Sources */ = {isa = PBXBuildFile; fileRef = 5E0EC5002C865B49009ABFA5 /* ApexPredator.swift */; };
		5E0EC5032C866083009ABFA5 /* Predators.swift in Sources */ = {isa = PBXBuildFile; fileRef = 5E0EC5022C866083009ABFA5 /* Predators.swift */; };
		5ED2AE9D2C89206A002EE3D9 /* PredatorView.swift in Sources */ = {isa = PBXBuildFile; fileRef = 5ED2AE9C2C89206A002EE3D9 /* PredatorView.swift */; };
		5ED56F442C8A68860016C775 /* ColorSchemeManager.swift in Sources */ = {isa = PBXBuildFile; fileRef = 5ED56F432C8A68860016C775 /* ColorSchemeManager.swift */; };
		5EF9E6FE2C8D904F00260C99 /* PredatorMap.swift in Sources */ = {isa = PBXBuildFile; fileRef = 5EF9E6FD2C8D904F00260C99 /* PredatorMap.swift */; };
/* End PBXBuildFile section */

/* Begin PBXFileReference section */
		5E0EC4ED2C865778009ABFA5 /* Apex Predators.app */ = {isa = PBXFileReference; explicitFileType = wrapper.application; includeInIndex = 0; path = "Apex Predators.app"; sourceTree = BUILT_PRODUCTS_DIR; };
		5E0EC4F02C865778009ABFA5 /* Apex_PredatorsApp.swift */ = {isa = PBXFileReference; lastKnownFileType = sourcecode.swift; path = Apex_PredatorsApp.swift; sourceTree = "<group>"; };
		5E0EC4F22C865778009ABFA5 /* ContentView.swift */ = {isa = PBXFileReference; lastKnownFileType = sourcecode.swift; path = ContentView.swift; sourceTree = "<group>"; };
		5E0EC4F42C865779009ABFA5 /* Assets.xcassets */ = {isa = PBXFileReference; lastKnownFileType = folder.assetcatalog; path = Assets.xcassets; sourceTree = "<group>"; };
		5E0EC4F72C865779009ABFA5 /* Preview Assets.xcassets */ = {isa = PBXFileReference; lastKnownFileType = folder.assetcatalog; path = "Preview Assets.xcassets"; sourceTree = "<group>"; };
		5E0EC4FE2C8659D2009ABFA5 /* jpapexpredators.json */ = {isa = PBXFileReference; fileEncoding = 4; lastKnownFileType = text.json; name = jpapexpredators.json; path = ../../JP17Resources/jpapexpredators.json; sourceTree = "<group>"; };
		5E0EC5002C865B49009ABFA5 /* ApexPredator.swift */ = {isa = PBXFileReference; lastKnownFileType = sourcecode.swift; path = ApexPredator.swift; sourceTree = "<group>"; };
		5E0EC5022C866083009ABFA5 /* Predators.swift */ = {isa = PBXFileReference; lastKnownFileType = sourcecode.swift; path = Predators.swift; sourceTree = "<group>"; };
		5ED2AE9C2C89206A002EE3D9 /* PredatorView.swift */ = {isa = PBXFileReference; lastKnownFileType = sourcecode.swift; path = PredatorView.swift; sourceTree = "<group>"; };
		5ED56F432C8A68860016C775 /* ColorSchemeManager.swift */ = {isa = PBXFileReference; lastKnownFileType = sourcecode.swift; path = ColorSchemeManager.swift; sourceTree = "<group>"; };
		5EF9E6FD2C8D904F00260C99 /* PredatorMap.swift */ = {isa = PBXFileReference; lastKnownFileType = sourcecode.swift; path = PredatorMap.swift; sourceTree = "<group>"; };
/* End PBXFileReference section */

/* Begin PBXFrameworksBuildPhase section */
		5E0EC4EA2C865778009ABFA5 /* Frameworks */ = {
			isa = PBXFrameworksBuildPhase;
			buildActionMask = 2147483647;
			files = (
			);
			runOnlyForDeploymentPostprocessing = 0;
		};
/* End PBXFrameworksBuildPhase section */

/* Begin PBXGroup section */
		5E0EC4E42C865778009ABFA5 = {
			isa = PBXGroup;
			children = (
				5E0EC4EF2C865778009ABFA5 /* Apex Predators */,
				5E0EC4EE2C865778009ABFA5 /* Products */,
			);
			sourceTree = "<group>";
		};
		5E0EC4EE2C865778009ABFA5 /* Products */ = {
			isa = PBXGroup;
			children = (
				5E0EC4ED2C865778009ABFA5 /* Apex Predators.app */,
			);
			name = Products;
			sourceTree = "<group>";
		};
		5E0EC4EF2C865778009ABFA5 /* Apex Predators */ = {
			isa = PBXGroup;
			children = (
				5E0EC4F02C865778009ABFA5 /* Apex_PredatorsApp.swift */,
				5E0EC4F22C865778009ABFA5 /* ContentView.swift */,
				5ED2AE9C2C89206A002EE3D9 /* PredatorView.swift */,
				5EF9E6FD2C8D904F00260C99 /* PredatorMap.swift */,
				5ED56F432C8A68860016C775 /* ColorSchemeManager.swift */,
				5E0EC5002C865B49009ABFA5 /* ApexPredator.swift */,
				5E0EC5022C866083009ABFA5 /* Predators.swift */,
				5E0EC4FE2C8659D2009ABFA5 /* jpapexpredators.json */,
				5E0EC4F42C865779009ABFA5 /* Assets.xcassets */,
				5E0EC4F62C865779009ABFA5 /* Preview Content */,
			);
			path = "Apex Predators";
			sourceTree = "<group>";
		};
		5E0EC4F62C865779009ABFA5 /* Preview Content */ = {
			isa = PBXGroup;
			children = (
				5E0EC4F72C865779009ABFA5 /* Preview Assets.xcassets */,
			);
			path = "Preview Content";
			sourceTree = "<group>";
		};
/* End PBXGroup section */

/* Begin PBXNativeTarget section */
		5E0EC4EC2C865778009ABFA5 /* Apex Predators */ = {
			isa = PBXNativeTarget;
			buildConfigurationList = 5E0EC4FB2C865779009ABFA5 /* Build configuration list for PBXNativeTarget "Apex Predators" */;
			buildPhases = (
				5E0EC4E92C865778009ABFA5 /* Sources */,
				5E0EC4EA2C865778009ABFA5 /* Frameworks */,
				5E0EC4EB2C865778009ABFA5 /* Resources */,
			);
			buildRules = (
			);
			dependencies = (
			);
			name = "Apex Predators";
			productName = "Apex Predators";
			productReference = 5E0EC4ED2C865778009ABFA5 /* Apex Predators.app */;
			productType = "com.apple.product-type.application";
		};
/* End PBXNativeTarget section */

/* Begin PBXProject section */
		5E0EC4E52C865778009ABFA5 /* Project object */ = {
			isa = PBXProject;
			attributes = {
				BuildIndependentTargetsInParallel = 1;
				LastSwiftUpdateCheck = 1540;
				LastUpgradeCheck = 1540;
				TargetAttributes = {
					5E0EC4EC2C865778009ABFA5 = {
						CreatedOnToolsVersion = 15.4;
					};
				};
			};
			buildConfigurationList = 5E0EC4E82C865778009ABFA5 /* Build configuration list for PBXProject "Apex Predators" */;
			compatibilityVersion = "Xcode 14.0";
			developmentRegion = en;
			hasScannedForEncodings = 0;
			knownRegions = (
				en,
				Base,
			);
			mainGroup = 5E0EC4E42C865778009ABFA5;
			productRefGroup = 5E0EC4EE2C865778009ABFA5 /* Products */;
			projectDirPath = "";
			projectRoot = "";
			targets = (
				5E0EC4EC2C865778009ABFA5 /* Apex Predators */,
			);
		};
/* End PBXProject section */

/* Begin PBXResourcesBuildPhase section */
		5E0EC4EB2C865778009ABFA5 /* Resources */ = {
			isa = PBXResourcesBuildPhase;
			buildActionMask = 2147483647;
			files = (
				5E0EC4F82C865779009ABFA5 /* Preview Assets.xcassets in Resources */,
				5E0EC4F52C865779009ABFA5 /* Assets.xcassets in Resources */,
				5E0EC4FF2C8659D2009ABFA5 /* jpapexpredators.json in Resources */,
			);
			runOnlyForDeploymentPostprocessing = 0;
		};
/* End PBXResourcesBuildPhase section */

/* Begin PBXSourcesBuildPhase section */
		5E0EC4E92C865778009ABFA5 /* Sources */ = {
			isa = PBXSourcesBuildPhase;
			buildActionMask = 2147483647;
			files = (
				5ED56F442C8A68860016C775 /* ColorSchemeManager.swift in Sources */,
				5EF9E6FE2C8D904F00260C99 /* PredatorMap.swift in Sources */,
				5E0EC5012C865B49009ABFA5 /* ApexPredator.swift in Sources */,
				5E0EC4F32C865778009ABFA5 /* ContentView.swift in Sources */,
				5E0EC5032C866083009ABFA5 /* Predators.swift in Sources */,
				5E0EC4F12C865778009ABFA5 /* Apex_PredatorsApp.swift in Sources */,
				5ED2AE9D2C89206A002EE3D9 /* PredatorView.swift in Sources */,
			);
			runOnlyForDeploymentPostprocessing = 0;
		};
/* End PBXSourcesBuildPhase section */

/* Begin XCBuildConfiguration section */
		5E0EC4F92C865779009ABFA5 /* Debug */ = {
			isa = XCBuildConfiguration;
			buildSettings = {
				ALWAYS_SEARCH_USER_PATHS = NO;
				ASSETCATALOG_COMPILER_GENERATE_SWIFT_ASSET_SYMBOL_EXTENSIONS = YES;
				CLANG_ANALYZER_NONNULL = YES;
				CLANG_ANALYZER_NUMBER_OBJECT_CONVERSION = YES_AGGRESSIVE;
				CLANG_CXX_LANGUAGE_STANDARD = "gnu++20";
				CLANG_ENABLE_MODULES = YES;
				CLANG_ENABLE_OBJC_ARC = YES;
				CLANG_ENABLE_OBJC_WEAK = YES;
				CLANG_WARN_BLOCK_CAPTURE_AUTORELEASING = YES;
				CLANG_WARN_BOOL_CONVERSION = YES;
				CLANG_WARN_COMMA = YES;
				CLANG_WARN_CONSTANT_CONVERSION = YES;
				CLANG_WARN_DEPRECATED_OBJC_IMPLEMENTATIONS = YES;
				CLANG_WARN_DIRECT_OBJC_ISA_USAGE = YES_ERROR;
				CLANG_WARN_DOCUMENTATION_COMMENTS = YES;
				CLANG_WARN_EMPTY_BODY = YES;
				CLANG_WARN_ENUM_CONVERSION = YES;
				CLANG_WARN_INFINITE_RECURSION = YES;
				CLANG_WARN_INT_CONVERSION = YES;
				CLANG_WARN_NON_LITERAL_NULL_CONVERSION = YES;
				CLANG_WARN_OBJC_IMPLICIT_RETAIN_SELF = YES;
				CLANG_WARN_OBJC_LITERAL_CONVERSION = YES;
				CLANG_WARN_OBJC_ROOT_CLASS = YES_ERROR;
				CLANG_WARN_QUOTED_INCLUDE_IN_FRAMEWORK_HEADER = YES;
				CLANG_WARN_RANGE_LOOP_ANALYSIS = YES;
				CLANG_WARN_STRICT_PROTOTYPES = YES;
				CLANG_WARN_SUSPICIOUS_MOVE = YES;
				CLANG_WARN_UNGUARDED_AVAILABILITY = YES_AGGRESSIVE;
				CLANG_WARN_UNREACHABLE_CODE = YES;
				CLANG_WARN__DUPLICATE_METHOD_MATCH = YES;
				COPY_PHASE_STRIP = NO;
				DEBUG_INFORMATION_FORMAT = dwarf;
				ENABLE_STRICT_OBJC_MSGSEND = YES;
				ENABLE_TESTABILITY = YES;
				ENABLE_USER_SCRIPT_SANDBOXING = YES;
				GCC_C_LANGUAGE_STANDARD = gnu17;
				GCC_DYNAMIC_NO_PIC = NO;
				GCC_NO_COMMON_BLOCKS = YES;
				GCC_OPTIMIZATION_LEVEL = 0;
				GCC_PREPROCESSOR_DEFINITIONS = (
					"DEBUG=1",
					"$(inherited)",
				);
				GCC_WARN_64_TO_32_BIT_CONVERSION = YES;
				GCC_WARN_ABOUT_RETURN_TYPE = YES_ERROR;
				GCC_WARN_UNDECLARED_SELECTOR = YES;
				GCC_WARN_UNINITIALIZED_AUTOS = YES_AGGRESSIVE;
				GCC_WARN_UNUSED_FUNCTION = YES;
				GCC_WARN_UNUSED_VARIABLE = YES;
				IPHONEOS_DEPLOYMENT_TARGET = 17.5;
				LOCALIZATION_PREFERS_STRING_CATALOGS = YES;
				MTL_ENABLE_DEBUG_INFO = INCLUDE_SOURCE;
				MTL_FAST_MATH = YES;
				ONLY_ACTIVE_ARCH = YES;
				SDKROOT = iphoneos;
				SWIFT_ACTIVE_COMPILATION_CONDITIONS = "DEBUG $(inherited)";
				SWIFT_OPTIMIZATION_LEVEL = "-Onone";
			};
			name = Debug;
		};
		5E0EC4FA2C865779009ABFA5 /* Release */ = {
			isa = XCBuildConfiguration;
			buildSettings = {
				ALWAYS_SEARCH_USER_PATHS = NO;
				ASSETCATALOG_COMPILER_GENERATE_SWIFT_ASSET_SYMBOL_EXTENSIONS = YES;
				CLANG_ANALYZER_NONNULL = YES;
				CLANG_ANALYZER_NUMBER_OBJECT_CONVERSION = YES_AGGRESSIVE;
				CLANG_CXX_LANGUAGE_STANDARD = "gnu++20";
				CLANG_ENABLE_MODULES = YES;
				CLANG_ENABLE_OBJC_ARC = YES;
				CLANG_ENABLE_OBJC_WEAK = YES;
				CLANG_WARN_BLOCK_CAPTURE_AUTORELEASING = YES;
				CLANG_WARN_BOOL_CONVERSION = YES;
				CLANG_WARN_COMMA = YES;
				CLANG_WARN_CONSTANT_CONVERSION = YES;
				CLANG_WARN_DEPRECATED_OBJC_IMPLEMENTATIONS = YES;
				CLANG_WARN_DIRECT_OBJC_ISA_USAGE = YES_ERROR;
				CLANG_WARN_DOCUMENTATION_COMMENTS = YES;
				CLANG_WARN_EMPTY_BODY = YES;
				CLANG_WARN_ENUM_CONVERSION = YES;
				CLANG_WARN_INFINITE_RECURSION = YES;
				CLANG_WARN_INT_CONVERSION = YES;
				CLANG_WARN_NON_LITERAL_NULL_CONVERSION = YES;
				CLANG_WARN_OBJC_IMPLICIT_RETAIN_SELF = YES;
				CLANG_WARN_OBJC_LITERAL_CONVERSION = YES;
				CLANG_WARN_OBJC_ROOT_CLASS = YES_ERROR;
				CLANG_WARN_QUOTED_INCLUDE_IN_FRAMEWORK_HEADER = YES;
				CLANG_WARN_RANGE_LOOP_ANALYSIS = YES;
				CLANG_WARN_STRICT_PROTOTYPES = YES;
				CLANG_WARN_SUSPICIOUS_MOVE = YES;
				CLANG_WARN_UNGUARDED_AVAILABILITY = YES_AGGRESSIVE;
				CLANG_WARN_UNREACHABLE_CODE = YES;
				CLANG_WARN__DUPLICATE_METHOD_MATCH = YES;
				COPY_PHASE_STRIP = NO;
				DEBUG_INFORMATION_FORMAT = "dwarf-with-dsym";
				ENABLE_NS_ASSERTIONS = NO;
				ENABLE_STRICT_OBJC_MSGSEND = YES;
				ENABLE_USER_SCRIPT_SANDBOXING = YES;
				GCC_C_LANGUAGE_STANDARD = gnu17;
				GCC_NO_COMMON_BLOCKS = YES;
				GCC_WARN_64_TO_32_BIT_CONVERSION = YES;
				GCC_WARN_ABOUT_RETURN_TYPE = YES_ERROR;
				GCC_WARN_UNDECLARED_SELECTOR = YES;
				GCC_WARN_UNINITIALIZED_AUTOS = YES_AGGRESSIVE;
				GCC_WARN_UNUSED_FUNCTION = YES;
				GCC_WARN_UNUSED_VARIABLE = YES;
				IPHONEOS_DEPLOYMENT_TARGET = 17.5;
				LOCALIZATION_PREFERS_STRING_CATALOGS = YES;
				MTL_ENABLE_DEBUG_INFO = NO;
				MTL_FAST_MATH = YES;
				SDKROOT = iphoneos;
				SWIFT_COMPILATION_MODE = wholemodule;
				VALIDATE_PRODUCT = YES;
			};
			name = Release;
		};
		5E0EC4FC2C865779009ABFA5 /* Debug */ = {
			isa = XCBuildConfiguration;
			buildSettings = {
				ASSETCATALOG_COMPILER_APPICON_NAME = AppIcon;
				ASSETCATALOG_COMPILER_GLOBAL_ACCENT_COLOR_NAME = AccentColor;
				CODE_SIGN_STYLE = Automatic;
				CURRENT_PROJECT_VERSION = 1;
				DEVELOPMENT_ASSET_PATHS = "\"Apex Predators/Preview Content\"";
				DEVELOPMENT_TEAM = D5YD2U9HCB;
				ENABLE_PREVIEWS = YES;
				GENERATE_INFOPLIST_FILE = YES;
				INFOPLIST_KEY_UIApplicationSceneManifest_Generation = YES;
				INFOPLIST_KEY_UIApplicationSupportsIndirectInputEvents = YES;
				INFOPLIST_KEY_UILaunchScreen_Generation = YES;
				INFOPLIST_KEY_UISupportedInterfaceOrientations_iPad = "UIInterfaceOrientationPortrait UIInterfaceOrientationPortraitUpsideDown UIInterfaceOrientationLandscapeLeft UIInterfaceOrientationLandscapeRight";
				INFOPLIST_KEY_UISupportedInterfaceOrientations_iPhone = "UIInterfaceOrientationPortrait UIInterfaceOrientationLandscapeLeft UIInterfaceOrientationLandscapeRight";
				LD_RUNPATH_SEARCH_PATHS = (
					"$(inherited)",
					"@executable_path/Frameworks",
				);
				MARKETING_VERSION = 1.0;
				PRODUCT_BUNDLE_IDENTIFIER = "miguelagostinho.Apex-Predators";
				PRODUCT_NAME = "$(TARGET_NAME)";
				SWIFT_EMIT_LOC_STRINGS = YES;
				SWIFT_VERSION = 5.0;
				TARGETED_DEVICE_FAMILY = "1,2";
			};
			name = Debug;
		};
		5E0EC4FD2C865779009ABFA5 /* Release */ = {
			isa = XCBuildConfiguration;
			buildSettings = {
				ASSETCATALOG_COMPILER_APPICON_NAME = AppIcon;
				ASSETCATALOG_COMPILER_GLOBAL_ACCENT_COLOR_NAME = AccentColor;
				CODE_SIGN_STYLE = Automatic;
				CURRENT_PROJECT_VERSION = 1;
				DEVELOPMENT_ASSET_PATHS = "\"Apex Predators/Preview Content\"";
				DEVELOPMENT_TEAM = D5YD2U9HCB;
				ENABLE_PREVIEWS = YES;
				GENERATE_INFOPLIST_FILE = YES;
				INFOPLIST_KEY_UIApplicationSceneManifest_Generation = YES;
				INFOPLIST_KEY_UIApplicationSupportsIndirectInputEvents = YES;
				INFOPLIST_KEY_UILaunchScreen_Generation = YES;
				INFOPLIST_KEY_UISupportedInterfaceOrientations_iPad = "UIInterfaceOrientationPortrait UIInterfaceOrientationPortraitUpsideDown UIInterfaceOrientationLandscapeLeft UIInterfaceOrientationLandscapeRight";
				INFOPLIST_KEY_UISupportedInterfaceOrientations_iPhone = "UIInterfaceOrientationPortrait UIInterfaceOrientationLandscapeLeft UIInterfaceOrientationLandscapeRight";
				LD_RUNPATH_SEARCH_PATHS = (
					"$(inherited)",
					"@executable_path/Frameworks",
				);
				MARKETING_VERSION = 1.0;
				PRODUCT_BUNDLE_IDENTIFIER = "miguelagostinho.Apex-Predators";
				PRODUCT_NAME = "$(TARGET_NAME)";
				SWIFT_EMIT_LOC_STRINGS = YES;
				SWIFT_VERSION = 5.0;
				TARGETED_DEVICE_FAMILY = "1,2";
			};
			name = Release;
		};
/* End XCBuildConfiguration section */

/* Begin XCConfigurationList section */
		5E0EC4E82C865778009ABFA5 /* Build configuration list for PBXProject "Apex Predators" */ = {
			isa = XCConfigurationList;
			buildConfigurations = (
				5E0EC4F92C865779009ABFA5 /* Debug */,
				5E0EC4FA2C865779009ABFA5 /* Release */,
			);
			defaultConfigurationIsVisible = 0;
			defaultConfigurationName = Release;
		};
		5E0EC4FB2C865779009ABFA5 /* Build configuration list for PBXNativeTarget "Apex Predators" */ = {
			isa = XCConfigurationList;
			buildConfigurations = (
				5E0EC4FC2C865779009ABFA5 /* Debug */,
				5E0EC4FD2C865779009ABFA5 /* Release */,
			);
			defaultConfigurationIsVisible = 0;
			defaultConfigurationName = Release;
		};
/* End XCConfigurationList section */
	};
	rootObject = 5E0EC4E52C865778009ABFA5 /* Project object */;
}
